<?xml version="1.0" encoding="utf-8"?>
<Project ToolsVersion="4.0" xmlns="http://schemas.microsoft.com/developer/msbuild/2003">
  <ItemGroup>
    <ClCompile Include="Sources\App\Main.cpp">
      <Filter>App</Filter>
    </ClCompile>
    <ClCompile Include="Sources\Core\AudioManager.cpp">
      <Filter>Core</Filter>
    </ClCompile>
    <ClCompile Include="Sources\Core\Resources.cpp">
      <Filter>Core</Filter>
    </ClCompile>
    <ClCompile Include="Sources\Game\Apple.cpp">
      <Filter>Game</Filter>
    </ClCompile>
    <ClCompile Include="Sources\Game\Game.cpp">
      <Filter>Game</Filter>
    </ClCompile>
    <ClCompile Include="Sources\Game\Player.cpp">
      <Filter>Game</Filter>
    </ClCompile>
    <ClCompile Include="Sources\UI\UI.cpp">
      <Filter>UI</Filter>
    </ClCompile>
    <ClCompile Include="Sources\Utils\Loggers.cpp">
      <Filter>Utils</Filter>
    </ClCompile>
    <ClCompile Include="Sources\Utils\MathUtils.cpp">
      <Filter>Utils</Filter>
    </ClCompile>
    <ClCompile Include="Sources\Utils\RenderHelpers.cpp">
      <Filter>Utils</Filter>
    </ClCompile>
  </ItemGroup>
  <ItemGroup>
    <ClInclude Include="Sources\Core\AudioManager.h">
      <Filter>Core</Filter>
    </ClInclude>
    <ClInclude Include="Sources\Core\Constants.h">
      <Filter>Core</Filter>
    </ClInclude>
    <ClInclude Include="Sources\Core\GameMode.h">
      <Filter>Core</Filter>
    </ClInclude>
    <ClInclude Include="Sources\Core\Resources.h">
      <Filter>Core</Filter>
    </ClInclude>
    <ClInclude Include="Sources\Game\Apple.h">
      <Filter>Game</Filter>
    </ClInclude>
    <ClInclude Include="Sources\Game\Game.h">
      <Filter>Game</Filter>
    </ClInclude>
    <ClInclude Include="Sources\Game\GameRules.h">
      <Filter>Game</Filter>
    </ClInclude>
    <ClInclude Include="Sources\Game\Player.h">
      <Filter>Game</Filter>
    </ClInclude>
    <ClInclude Include="Sources\UI\UI.h">
      <Filter>UI</Filter>
    </ClInclude>
    <ClInclude Include="Sources\UI\UIModel.h">
      <Filter>UI</Filter>
    </ClInclude>
    <ClInclude Include="Sources\Utils\Loggers.h">
      <Filter>Utils</Filter>
    </ClInclude>
    <ClInclude Include="Sources\Utils\MathUtils.h">
      <Filter>Utils</Filter>
    </ClInclude>
    <ClInclude Include="Sources\Utils\RenderHelpers.h">
      <Filter>Utils</Filter>
    </ClInclude>
    <ClInclude Include="Sources\Utils\Utils.h">
      <Filter>Utils</Filter>
    </ClInclude>
  </ItemGroup>
  <ItemGroup>
    <Filter Include="Core">
      <UniqueIdentifier>{c97b6b33-67bf-45ef-86c5-e24eff5bc0e6}</UniqueIdentifier>
    </Filter>
    <Filter Include="Utils">
      <UniqueIdentifier>{a75dd9fd-244f-4023-93a8-818f431cec08}</UniqueIdentifier>
    </Filter>
    <Filter Include="App">
      <UniqueIdentifier>{4a674a12-e634-449b-96e9-6ec94d6e3b94}</UniqueIdentifier>
    </Filter>
    <Filter Include="Game">
      <UniqueIdentifier>{a6aa0020-ad83-4e7f-8bb9-4923f8019d86}</UniqueIdentifier>
    </Filter>
    <Filter Include="UI">
      <UniqueIdentifier>{238e458a-8cff-479c-b165-ee88879138a4}</UniqueIdentifier>
    </Filter>
  </ItemGroup>
</Project>